// !$*UTF8*$!
{
	archiveVersion = 1;
	classes = {
	};
	objectVersion = 46;
	objects = {

/* Begin PBXBuildFile section */
		74056A2D1F0CC06500FBFAE0 /* AppDelegate.swift in Sources */ = {isa = PBXBuildFile; fileRef = 74056A2C1F0CC06500FBFAE0 /* AppDelegate.swift */; };
		74056A2F1F0CC06500FBFAE0 /* ViewController.swift in Sources */ = {isa = PBXBuildFile; fileRef = 74056A2E1F0CC06500FBFAE0 /* ViewController.swift */; };
		74056A321F0CC06500FBFAE0 /* Main.storyboard in Resources */ = {isa = PBXBuildFile; fileRef = 74056A301F0CC06500FBFAE0 /* Main.storyboard */; };
		74056A341F0CC06500FBFAE0 /* Assets.xcassets in Resources */ = {isa = PBXBuildFile; fileRef = 74056A331F0CC06500FBFAE0 /* Assets.xcassets */; };
		74056A371F0CC06500FBFAE0 /* LaunchScreen.storyboard in Resources */ = {isa = PBXBuildFile; fileRef = 74056A351F0CC06500FBFAE0 /* LaunchScreen.storyboard */; };
		74056A421F0CC06600FBFAE0 /* Cau2Tests.swift in Sources */ = {isa = PBXBuildFile; fileRef = 74056A411F0CC06600FBFAE0 /* Cau2Tests.swift */; };
		74056A4D1F0CC06600FBFAE0 /* Cau2UITests.swift in Sources */ = {isa = PBXBuildFile; fileRef = 74056A4C1F0CC06600FBFAE0 /* Cau2UITests.swift */; };
/* End PBXBuildFile section */

/* Begin PBXContainerItemProxy section */
		74056A3E1F0CC06600FBFAE0 /* PBXContainerItemProxy */ = {
			isa = PBXContainerItemProxy;
			containerPortal = 74056A211F0CC06500FBFAE0 /* Project object */;
			proxyType = 1;
			remoteGlobalIDString = 74056A281F0CC06500FBFAE0;
			remoteInfo = Cau2;
		};
		74056A491F0CC06600FBFAE0 /* PBXContainerItemProxy */ = {
			isa = PBXContainerItemProxy;
			containerPortal = 74056A211F0CC06500FBFAE0 /* Project object */;
			proxyType = 1;
			remoteGlobalIDString = 74056A281F0CC06500FBFAE0;
			remoteInfo = Cau2;
		};
/* End PBXContainerItemProxy section */

/* Begin PBXFileReference section */
		74056A291F0CC06500FBFAE0 /* Cau2.app */ = {isa = PBXFileReference; explicitFileType = wrapper.application; includeInIndex = 0; path = Cau2.app; sourceTree = BUILT_PRODUCTS_DIR; };
		74056A2C1F0CC06500FBFAE0 /* AppDelegate.swift */ = {isa = PBXFileReference; lastKnownFileType = sourcecode.swift; path = AppDelegate.swift; sourceTree = "<group>"; };
		74056A2E1F0CC06500FBFAE0 /* ViewController.swift */ = {isa = PBXFileReference; lastKnownFileType = sourcecode.swift; path = ViewController.swift; sourceTree = "<group>"; };
		74056A311F0CC06500FBFAE0 /* Base */ = {isa = PBXFileReference; lastKnownFileType = file.storyboard; name = Base; path = Base.lproj/Main.storyboard; sourceTree = "<group>"; };
		74056A331F0CC06500FBFAE0 /* Assets.xcassets */ = {isa = PBXFileReference; lastKnownFileType = folder.assetcatalog; path = Assets.xcassets; sourceTree = "<group>"; };
		74056A361F0CC06500FBFAE0 /* Base */ = {isa = PBXFileReference; lastKnownFileType = file.storyboard; name = Base; path = Base.lproj/LaunchScreen.storyboard; sourceTree = "<group>"; };
		74056A381F0CC06500FBFAE0 /* Info.plist */ = {isa = PBXFileReference; lastKnownFileType = text.plist.xml; path = Info.plist; sourceTree = "<group>"; };
		74056A3D1F0CC06600FBFAE0 /* Cau2Tests.xctest */ = {isa = PBXFileReference; explicitFileType = wrapper.cfbundle; includeInIndex = 0; path = Cau2Tests.xctest; sourceTree = BUILT_PRODUCTS_DIR; };
		74056A411F0CC06600FBFAE0 /* Cau2Tests.swift */ = {isa = PBXFileReference; lastKnownFileType = sourcecode.swift; path = Cau2Tests.swift; sourceTree = "<group>"; };
		74056A431F0CC06600FBFAE0 /* Info.plist */ = {isa = PBXFileReference; lastKnownFileType = text.plist.xml; path = Info.plist; sourceTree = "<group>"; };
		74056A481F0CC06600FBFAE0 /* Cau2UITests.xctest */ = {isa = PBXFileReference; explicitFileType = wrapper.cfbundle; includeInIndex = 0; path = Cau2UITests.xctest; sourceTree = BUILT_PRODUCTS_DIR; };
		74056A4C1F0CC06600FBFAE0 /* Cau2UITests.swift */ = {isa = PBXFileReference; lastKnownFileType = sourcecode.swift; path = Cau2UITests.swift; sourceTree = "<group>"; };
		74056A4E1F0CC06600FBFAE0 /* Info.plist */ = {isa = PBXFileReference; lastKnownFileType = text.plist.xml; path = Info.plist; sourceTree = "<group>"; };
/* End PBXFileReference section */

/* Begin PBXFrameworksBuildPhase section */
		74056A261F0CC06500FBFAE0 /* Frameworks */ = {
			isa = PBXFrameworksBuildPhase;
			buildActionMask = 2147483647;
			files = (
			);
			runOnlyForDeploymentPostprocessing = 0;
		};
		74056A3A1F0CC06600FBFAE0 /* Frameworks */ = {
			isa = PBXFrameworksBuildPhase;
			buildActionMask = 2147483647;
			files = (
			);
			runOnlyForDeploymentPostprocessing = 0;
		};
		74056A451F0CC06600FBFAE0 /* Frameworks */ = {
			isa = PBXFrameworksBuildPhase;
			buildActionMask = 2147483647;
			files = (
			);
			runOnlyForDeploymentPostprocessing = 0;
		};
/* End PBXFrameworksBuildPhase section */

/* Begin PBXGroup section */
		74056A201F0CC06500FBFAE0 = {
			isa = PBXGroup;
			children = (
				74056A2B1F0CC06500FBFAE0 /* Cau2 */,
				74056A401F0CC06600FBFAE0 /* Cau2Tests */,
				74056A4B1F0CC06600FBFAE0 /* Cau2UITests */,
				74056A2A1F0CC06500FBFAE0 /* Products */,
			);
			sourceTree = "<group>";
		};
		74056A2A1F0CC06500FBFAE0 /* Products */ = {
			isa = PBXGroup;
			children = (
				74056A291F0CC06500FBFAE0 /* Cau2.app */,
				74056A3D1F0CC06600FBFAE0 /* Cau2Tests.xctest */,
				74056A481F0CC06600FBFAE0 /* Cau2UITests.xctest */,
			);
			name = Products;
			sourceTree = "<group>";
		};
		74056A2B1F0CC06500FBFAE0 /* Cau2 */ = {
			isa = PBXGroup;
			children = (
				74056A2C1F0CC06500FBFAE0 /* AppDelegate.swift */,
				74056A2E1F0CC06500FBFAE0 /* ViewController.swift */,
				74056A301F0CC06500FBFAE0 /* Main.storyboard */,
				74056A331F0CC06500FBFAE0 /* Assets.xcassets */,
				74056A351F0CC06500FBFAE0 /* LaunchScreen.storyboard */,
				74056A381F0CC06500FBFAE0 /* Info.plist */,
			);
			path = Cau2;
			sourceTree = "<group>";
		};
		74056A401F0CC06600FBFAE0 /* Cau2Tests */ = {
			isa = PBXGroup;
			children = (
				74056A411F0CC06600FBFAE0 /* Cau2Tests.swift */,
				74056A431F0CC06600FBFAE0 /* Info.plist */,
			);
			path = Cau2Tests;
			sourceTree = "<group>";
		};
		74056A4B1F0CC06600FBFAE0 /* Cau2UITests */ = {
			isa = PBXGroup;
			children = (
				74056A4C1F0CC06600FBFAE0 /* Cau2UITests.swift */,
				74056A4E1F0CC06600FBFAE0 /* Info.plist */,
			);
			path = Cau2UITests;
			sourceTree = "<group>";
		};
/* End PBXGroup section */

/* Begin PBXNativeTarget section */
		74056A281F0CC06500FBFAE0 /* Cau2 */ = {
			isa = PBXNativeTarget;
			buildConfigurationList = 74056A511F0CC06600FBFAE0 /* Build configuration list for PBXNativeTarget "Cau2" */;
			buildPhases = (
				74056A251F0CC06500FBFAE0 /* Sources */,
				74056A261F0CC06500FBFAE0 /* Frameworks */,
				74056A271F0CC06500FBFAE0 /* Resources */,
			);
			buildRules = (
			);
			dependencies = (
			);
			name = Cau2;
			productName = Cau2;
			productReference = 74056A291F0CC06500FBFAE0 /* Cau2.app */;
			productType = "com.apple.product-type.application";
		};
		74056A3C1F0CC06600FBFAE0 /* Cau2Tests */ = {
			isa = PBXNativeTarget;
			buildConfigurationList = 74056A541F0CC06600FBFAE0 /* Build configuration list for PBXNativeTarget "Cau2Tests" */;
			buildPhases = (
				74056A391F0CC06600FBFAE0 /* Sources */,
				74056A3A1F0CC06600FBFAE0 /* Frameworks */,
				74056A3B1F0CC06600FBFAE0 /* Resources */,
			);
			buildRules = (
			);
			dependencies = (
				74056A3F1F0CC06600FBFAE0 /* PBXTargetDependency */,
			);
			name = Cau2Tests;
			productName = Cau2Tests;
			productReference = 74056A3D1F0CC06600FBFAE0 /* Cau2Tests.xctest */;
			productType = "com.apple.product-type.bundle.unit-test";
		};
		74056A471F0CC06600FBFAE0 /* Cau2UITests */ = {
			isa = PBXNativeTarget;
			buildConfigurationList = 74056A571F0CC06600FBFAE0 /* Build configuration list for PBXNativeTarget "Cau2UITests" */;
			buildPhases = (
				74056A441F0CC06600FBFAE0 /* Sources */,
				74056A451F0CC06600FBFAE0 /* Frameworks */,
				74056A461F0CC06600FBFAE0 /* Resources */,
			);
			buildRules = (
			);
			dependencies = (
				74056A4A1F0CC06600FBFAE0 /* PBXTargetDependency */,
			);
			name = Cau2UITests;
			productName = Cau2UITests;
			productReference = 74056A481F0CC06600FBFAE0 /* Cau2UITests.xctest */;
			productType = "com.apple.product-type.bundle.ui-testing";
		};
/* End PBXNativeTarget section */

/* Begin PBXProject section */
		74056A211F0CC06500FBFAE0 /* Project object */ = {
			isa = PBXProject;
			attributes = {
				LastSwiftUpdateCheck = 0830;
				LastUpgradeCheck = 0830;
				ORGANIZATIONNAME = Cntt11;
				TargetAttributes = {
					74056A281F0CC06500FBFAE0 = {
						CreatedOnToolsVersion = 8.3;
						ProvisioningStyle = Automatic;
					};
					74056A3C1F0CC06600FBFAE0 = {
						CreatedOnToolsVersion = 8.3;
						ProvisioningStyle = Automatic;
						TestTargetID = 74056A281F0CC06500FBFAE0;
					};
					74056A471F0CC06600FBFAE0 = {
						CreatedOnToolsVersion = 8.3;
						ProvisioningStyle = Automatic;
						TestTargetID = 74056A281F0CC06500FBFAE0;
					};
				};
			};
			buildConfigurationList = 74056A241F0CC06500FBFAE0 /* Build configuration list for PBXProject "Cau2" */;
			compatibilityVersion = "Xcode 3.2";
			developmentRegion = English;
			hasScannedForEncodings = 0;
			knownRegions = (
				en,
				Base,
			);
			mainGroup = 74056A201F0CC06500FBFAE0;
			productRefGroup = 74056A2A1F0CC06500FBFAE0 /* Products */;
			projectDirPath = "";
			projectRoot = "";
			targets = (
				74056A281F0CC06500FBFAE0 /* Cau2 */,
				74056A3C1F0CC06600FBFAE0 /* Cau2Tests */,
				74056A471F0CC06600FBFAE0 /* Cau2UITests */,
			);
		};
/* End PBXProject section */

/* Begin PBXResourcesBuildPhase section */
		74056A271F0CC06500FBFAE0 /* Resources */ = {
			isa = PBXResourcesBuildPhase;
			buildActionMask = 2147483647;
			files = (
				74056A371F0CC06500FBFAE0 /* LaunchScreen.storyboard in Resources */,
				74056A341F0CC06500FBFAE0 /* Assets.xcassets in Resources */,
				74056A321F0CC06500FBFAE0 /* Main.storyboard in Resources */,
			);
			runOnlyForDeploymentPostprocessing = 0;
		};
		74056A3B1F0CC06600FBFAE0 /* Resources */ = {
			isa = PBXResourcesBuildPhase;
			buildActionMask = 2147483647;
			files = (
			);
			runOnlyForDeploymentPostprocessing = 0;
		};
		74056A461F0CC06600FBFAE0 /* Resources */ = {
			isa = PBXResourcesBuildPhase;
			buildActionMask = 2147483647;
			files = (
			);
			runOnlyForDeploymentPostprocessing = 0;
		};
/* End PBXResourcesBuildPhase section */

/* Begin PBXSourcesBuildPhase section */
		74056A251F0CC06500FBFAE0 /* Sources */ = {
			isa = PBXSourcesBuildPhase;
			buildActionMask = 2147483647;
			files = (
				74056A2F1F0CC06500FBFAE0 /* ViewController.swift in Sources */,
				74056A2D1F0CC06500FBFAE0 /* AppDelegate.swift in Sources */,
			);
			runOnlyForDeploymentPostprocessing = 0;
		};
		74056A391F0CC06600FBFAE0 /* Sources */ = {
			isa = PBXSourcesBuildPhase;
			buildActionMask = 2147483647;
			files = (
				74056A421F0CC06600FBFAE0 /* Cau2Tests.swift in Sources */,
			);
			runOnlyForDeploymentPostprocessing = 0;
		};
		74056A441F0CC06600FBFAE0 /* Sources */ = {
			isa = PBXSourcesBuildPhase;
			buildActionMask = 2147483647;
			files = (
				74056A4D1F0CC06600FBFAE0 /* Cau2UITests.swift in Sources */,
			);
			runOnlyForDeploymentPostprocessing = 0;
		};
/* End PBXSourcesBuildPhase section */

/* Begin PBXTargetDependency section */
		74056A3F1F0CC06600FBFAE0 /* PBXTargetDependency */ = {
			isa = PBXTargetDependency;
			target = 74056A281F0CC06500FBFAE0 /* Cau2 */;
			targetProxy = 74056A3E1F0CC06600FBFAE0 /* PBXContainerItemProxy */;
		};
		74056A4A1F0CC06600FBFAE0 /* PBXTargetDependency */ = {
			isa = PBXTargetDependency;
			target = 74056A281F0CC06500FBFAE0 /* Cau2 */;
			targetProxy = 74056A491F0CC06600FBFAE0 /* PBXContainerItemProxy */;
		};
/* End PBXTargetDependency section */

/* Begin PBXVariantGroup section */
		74056A301F0CC06500FBFAE0 /* Main.storyboard */ = {
			isa = PBXVariantGroup;
			children = (
				74056A311F0CC06500FBFAE0 /* Base */,
			);
			name = Main.storyboard;
			sourceTree = "<group>";
		};
		74056A351F0CC06500FBFAE0 /* LaunchScreen.storyboard */ = {
			isa = PBXVariantGroup;
			children = (
				74056A361F0CC06500FBFAE0 /* Base */,
			);
			name = LaunchScreen.storyboard;
			sourceTree = "<group>";
		};
/* End PBXVariantGroup section */

/* Begin XCBuildConfiguration section */
		74056A4F1F0CC06600FBFAE0 /* Debug */ = {
			isa = XCBuildConfiguration;
			buildSettings = {
				ALWAYS_SEARCH_USER_PATHS = NO;
				CLANG_ANALYZER_NONNULL = YES;
				CLANG_ANALYZER_NUMBER_OBJECT_CONVERSION = YES_AGGRESSIVE;
				CLANG_CXX_LANGUAGE_STANDARD = "gnu++0x";
				CLANG_CXX_LIBRARY = "libc++";
				CLANG_ENABLE_MODULES = YES;
				CLANG_ENABLE_OBJC_ARC = YES;
				CLANG_WARN_BOOL_CONVERSION = YES;
				CLANG_WARN_CONSTANT_CONVERSION = YES;
				CLANG_WARN_DIRECT_OBJC_ISA_USAGE = YES_ERROR;
				CLANG_WARN_DOCUMENTATION_COMMENTS = YES;
				CLANG_WARN_EMPTY_BODY = YES;
				CLANG_WARN_ENUM_CONVERSION = YES;
				CLANG_WARN_INFINITE_RECURSION = YES;
				CLANG_WARN_INT_CONVERSION = YES;
				CLANG_WARN_OBJC_ROOT_CLASS = YES_ERROR;
				CLANG_WARN_SUSPICIOUS_MOVE = YES;
				CLANG_WARN_UNREACHABLE_CODE = YES;
				CLANG_WARN__DUPLICATE_METHOD_MATCH = YES;
				"CODE_SIGN_IDENTITY[sdk=iphoneos*]" = "iPhone Developer";
				COPY_PHASE_STRIP = NO;
				DEBUG_INFORMATION_FORMAT = dwarf;
				ENABLE_STRICT_OBJC_MSGSEND = YES;
				ENABLE_TESTABILITY = YES;
				GCC_C_LANGUAGE_STANDARD = gnu99;
				GCC_DYNAMIC_NO_PIC = NO;
				GCC_NO_COMMON_BLOCKS = YES;
				GCC_OPTIMIZATION_LEVEL = 0;
				GCC_PREPROCESSOR_DEFINITIONS = (
					"DEBUG=1",
					"$(inherited)",
				);
				GCC_WARN_64_TO_32_BIT_CONVERSION = YES;
				GCC_WARN_ABOUT_RETURN_TYPE = YES_ERROR;
				GCC_WARN_UNDECLARED_SELECTOR = YES;
				GCC_WARN_UNINITIALIZED_AUTOS = YES_AGGRESSIVE;
				GCC_WARN_UNUSED_FUNCTION = YES;
				GCC_WARN_UNUSED_VARIABLE = YES;
				IPHONEOS_DEPLOYMENT_TARGET = 10.3;
				MTL_ENABLE_DEBUG_INFO = YES;
				ONLY_ACTIVE_ARCH = YES;
				SDKROOT = iphoneos;
				SWIFT_ACTIVE_COMPILATION_CONDITIONS = DEBUG;
				SWIFT_OPTIMIZATION_LEVEL = "-Onone";
				TARGETED_DEVICE_FAMILY = "1,2";
			};
			name = Debug;
		};
		74056A501F0CC06600FBFAE0 /* Release */ = {
			isa = XCBuildConfiguration;
			buildSettings = {
				ALWAYS_SEARCH_USER_PATHS = NO;
				CLANG_ANALYZER_NONNULL = YES;
				CLANG_ANALYZER_NUMBER_OBJECT_CONVERSION = YES_AGGRESSIVE;
				CLANG_CXX_LANGUAGE_STANDARD = "gnu++0x";
				CLANG_CXX_LIBRARY = "libc++";
				CLANG_ENABLE_MODULES = YES;
				CLANG_ENABLE_OBJC_ARC = YES;
				CLANG_WARN_BOOL_CONVERSION = YES;
				CLANG_WARN_CONSTANT_CONVERSION = YES;
				CLANG_WARN_DIRECT_OBJC_ISA_USAGE = YES_ERROR;
				CLANG_WARN_DOCUMENTATION_COMMENTS = YES;
				CLANG_WARN_EMPTY_BODY = YES;
				CLANG_WARN_ENUM_CONVERSION = YES;
				CLANG_WARN_INFINITE_RECURSION = YES;
				CLANG_WARN_INT_CONVERSION = YES;
				CLANG_WARN_OBJC_ROOT_CLASS = YES_ERROR;
				CLANG_WARN_SUSPICIOUS_MOVE = YES;
				CLANG_WARN_UNREACHABLE_CODE = YES;
				CLANG_WARN__DUPLICATE_METHOD_MATCH = YES;
				"CODE_SIGN_IDENTITY[sdk=iphoneos*]" = "iPhone Developer";
				COPY_PHASE_STRIP = NO;
				DEBUG_INFORMATION_FORMAT = "dwarf-with-dsym";
				ENABLE_NS_ASSERTIONS = NO;
				ENABLE_STRICT_OBJC_MSGSEND = YES;
				GCC_C_LANGUAGE_STANDARD = gnu99;
				GCC_NO_COMMON_BLOCKS = YES;
				GCC_WARN_64_TO_32_BIT_CONVERSION = YES;
				GCC_WARN_ABOUT_RETURN_TYPE = YES_ERROR;
				GCC_WARN_UNDECLARED_SELECTOR = YES;
				GCC_WARN_UNINITIALIZED_AUTOS = YES_AGGRESSIVE;
				GCC_WARN_UNUSED_FUNCTION = YES;
				GCC_WARN_UNUSED_VARIABLE = YES;
				IPHONEOS_DEPLOYMENT_TARGET = 10.3;
				MTL_ENABLE_DEBUG_INFO = NO;
				SDKROOT = iphoneos;
				SWIFT_OPTIMIZATION_LEVEL = "-Owholemodule";
				TARGETED_DEVICE_FAMILY = "1,2";
				VALIDATE_PRODUCT = YES;
			};
			name = Release;
		};
		74056A521F0CC06600FBFAE0 /* Debug */ = {
			isa = XCBuildConfiguration;
			buildSettings = {
				ASSETCATALOG_COMPILER_APPICON_NAME = AppIcon;
				INFOPLIST_FILE = Cau2/Info.plist;
				LD_RUNPATH_SEARCH_PATHS = "$(inherited) @executable_path/Frameworks";
				PRODUCT_BUNDLE_IDENTIFIER = thanh.Cau2;
				PRODUCT_NAME = "$(TARGET_NAME)";
				SWIFT_VERSION = 3.0;
			};
			name = Debug;
		};
		74056A531F0CC06600FBFAE0 /* Release */ = {
			isa = XCBuildConfiguration;
			buildSettings = {
				ASSETCATALOG_COMPILER_APPICON_NAME = AppIcon;
				INFOPLIST_FILE = Cau2/Info.plist;
				LD_RUNPATH_SEARCH_PATHS = "$(inherited) @executable_path/Frameworks";
				PRODUCT_BUNDLE_IDENTIFIER = thanh.Cau2;
				PRODUCT_NAME = "$(TARGET_NAME)";
				SWIFT_VERSION = 3.0;
			};
			name = Release;
		};
		74056A551F0CC06600FBFAE0 /* Debug */ = {
			isa = XCBuildConfiguration;
			buildSettings = {
				ALWAYS_EMBED_SWIFT_STANDARD_LIBRARIES = YES;
				BUNDLE_LOADER = "$(TEST_HOST)";
				INFOPLIST_FILE = Cau2Tests/Info.plist;
				LD_RUNPATH_SEARCH_PATHS = "$(inherited) @executable_path/Frameworks @loader_path/Frameworks";
				PRODUCT_BUNDLE_IDENTIFIER = thanh.Cau2Tests;
				PRODUCT_NAME = "$(TARGET_NAME)";
				SWIFT_VERSION = 3.0;
				TEST_HOST = "$(BUILT_PRODUCTS_DIR)/Cau2.app/Cau2";
			};
			name = Debug;
		};
		74056A561F0CC06600FBFAE0 /* Release */ = {
			isa = XCBuildConfiguration;
			buildSettings = {
				ALWAYS_EMBED_SWIFT_STANDARD_LIBRARIES = YES;
				BUNDLE_LOADER = "$(TEST_HOST)";
				INFOPLIST_FILE = Cau2Tests/Info.plist;
				LD_RUNPATH_SEARCH_PATHS = "$(inherited) @executable_path/Frameworks @loader_path/Frameworks";
				PRODUCT_BUNDLE_IDENTIFIER = thanh.Cau2Tests;
				PRODUCT_NAME = "$(TARGET_NAME)";
				SWIFT_VERSION = 3.0;
				TEST_HOST = "$(BUILT_PRODUCTS_DIR)/Cau2.app/Cau2";
			};
			name = Release;
		};
		74056A581F0CC06600FBFAE0 /* Debug */ = {
			isa = XCBuildConfiguration;
			buildSettings = {
				ALWAYS_EMBED_SWIFT_STANDARD_LIBRARIES = YES;
				INFOPLIST_FILE = Cau2UITests/Info.plist;
				LD_RUNPATH_SEARCH_PATHS = "$(inherited) @executable_path/Frameworks @loader_path/Frameworks";
				PRODUCT_BUNDLE_IDENTIFIER = thanh.Cau2UITests;
				PRODUCT_NAME = "$(TARGET_NAME)";
				SWIFT_VERSION = 3.0;
				TEST_TARGET_NAME = Cau2;
			};
			name = Debug;
		};
		74056A591F0CC06600FBFAE0 /* Release */ = {
			isa = XCBuildConfiguration;
			buildSettings = {
				ALWAYS_EMBED_SWIFT_STANDARD_LIBRARIES = YES;
				INFOPLIST_FILE = Cau2UITests/Info.plist;
				LD_RUNPATH_SEARCH_PATHS = "$(inherited) @executable_path/Frameworks @loader_path/Frameworks";
				PRODUCT_BUNDLE_IDENTIFIER = thanh.Cau2UITests;
				PRODUCT_NAME = "$(TARGET_NAME)";
				SWIFT_VERSION = 3.0;
				TEST_TARGET_NAME = Cau2;
			};
			name = Release;
		};
/* End XCBuildConfiguration section */

/* Begin XCConfigurationList section */
		74056A241F0CC06500FBFAE0 /* Build configuration list for PBXProject "Cau2" */ = {
			isa = XCConfigurationList;
			buildConfigurations = (
				74056A4F1F0CC06600FBFAE0 /* Debug */,
				74056A501F0CC06600FBFAE0 /* Release */,
			);
			defaultConfigurationIsVisible = 0;
			defaultConfigurationName = Release;
		};
		74056A511F0CC06600FBFAE0 /* Build configuration list for PBXNativeTarget "Cau2" */ = {
			isa = XCConfigurationList;
			buildConfigurations = (
				74056A521F0CC06600FBFAE0 /* Debug */,
				74056A531F0CC06600FBFAE0 /* Release */,
			);
			defaultConfigurationIsVisible = 0;
			defaultConfigurationName = Release;
		};
		74056A541F0CC06600FBFAE0 /* Build configuration list for PBXNativeTarget "Cau2Tests" */ = {
			isa = XCConfigurationList;
			buildConfigurations = (
				74056A551F0CC06600FBFAE0 /* Debug */,
				74056A561F0CC06600FBFAE0 /* Release */,
			);
			defaultConfigurationIsVisible = 0;
			defaultConfigurationName = Release;
		};
		74056A571F0CC06600FBFAE0 /* Build configuration list for PBXNativeTarget "Cau2UITests" */ = {
			isa = XCConfigurationList;
			buildConfigurations = (
				74056A581F0CC06600FBFAE0 /* Debug */,
				74056A591F0CC06600FBFAE0 /* Release */,
			);
			defaultConfigurationIsVisible = 0;
			defaultConfigurationName = Release;
		};
/* End XCConfigurationList section */
	};
	rootObject = 74056A211F0CC06500FBFAE0 /* Project object */;
}
